
Microsoft Visual Studio Solution File, Format Version 12.00
# Visual Studio Version 17
VisualStudioVersion = 17.10.34928.147
MinimumVisualStudioVersion = 10.0.40219.1
Project("{FAE04EC0-301F-11D3-BF4B-00C04F79EFBC}") = "FileHanlder", "FileHanlder\FileHanlder.csproj", "{7A4D8F68-3ADB-4882-A620-075BAD52E56B}"
EndProject
Global
	GlobalSection(SolutionConfigurationPlatforms) = preSolution
		Debug|Any CPU = Debug|Any CPU
		Release|Any CPU = Release|Any CPU
	EndGlobalSection
	GlobalSection(ProjectConfigurationPlatforms) = postSolution
		{7A4D8F68-3ADB-4882-A620-075BAD52E56B}.Debug|Any CPU.ActiveCfg = Debug|Any CPU
		{7A4D8F68-3ADB-4882-A620-075BAD52E56B}.Debug|Any CPU.Build.0 = Debug|Any CPU
		{7A4D8F68-3ADB-4882-A620-075BAD52E56B}.Release|Any CPU.ActiveCfg = Release|Any CPU
		{7A4D8F68-3ADB-4882-A620-075BAD52E56B}.Release|Any CPU.Build.0 = Release|Any CPU
	EndGlobalSection
	GlobalSection(SolutionProperties) = preSolution
		HideSolutionNode = FALSE
	EndGlobalSection
	GlobalSection(ExtensibilityGlobals) = postSolution
		SolutionGuid = {C5062F29-1DFC-4DFF-AC30-9CC6F67F6965}
	EndGlobalSection
EndGlobal
